{
  "name": "@repo/dataconnect-sdk",
  "version": "1.0.0",
  "lockfileVersion": 3,
  "requires": true,
  "packages": {
    "": {
      "name": "@repo/dataconnect-sdk",
      "version": "1.0.0",
      "license": "Apache-2.0",
      "dependencies": {
        "@repo/dataconnect-sdk": "file:"
      },
      "engines": {
        "node": " >=18.0"
      },
      "peerDependencies": {
        "@tanstack-query-firebase/react": "^2.0.0",
        "firebase": "^11.3.0 || ^12.0.0"
      }
    },
    "../../node_modules/.pnpm/@tanstack-query-firebase+react@2.1.1_@tanstack+react-query@5.90.19_firebase@11.10.0/node_modules/@tanstack-query-firebase/react": {
      "version": "2.1.1",
      "license": "Apache-2.0",
      "peer": true,
      "devDependencies": {
        "@dataconnect/default-connector": "file:../../dataconnect-sdk/js/default-connector",
        "@testing-library/react": "^16.0.1",
        "@types/react": "^19.0.1",
        "react": "^19.0.0"
      },
      "peerDependencies": {
        "@tanstack/react-query": "^5",
        "firebase": "^11.3.0 || ^12.0.0"
      }
    },
    "../../node_modules/.pnpm/firebase@11.10.0/node_modules/firebase": {
      "version": "11.10.0",
      "license": "Apache-2.0",
      "peer": true,
      "dependencies": {
        "@firebase/ai": "1.4.1",
        "@firebase/analytics": "0.10.17",
        "@firebase/analytics-compat": "0.2.23",
        "@firebase/app": "0.13.2",
        "@firebase/app-check": "0.10.1",
        "@firebase/app-check-compat": "0.3.26",
        "@firebase/app-compat": "0.4.2",
        "@firebase/app-types": "0.9.3",
        "@firebase/auth": "1.10.8",
        "@firebase/auth-compat": "0.5.28",
        "@firebase/data-connect": "0.3.10",
        "@firebase/database": "1.0.20",
        "@firebase/database-compat": "2.0.11",
        "@firebase/firestore": "4.8.0",
        "@firebase/firestore-compat": "0.3.53",
        "@firebase/functions": "0.12.9",
        "@firebase/functions-compat": "0.3.26",
        "@firebase/installations": "0.6.18",
        "@firebase/installations-compat": "0.2.18",
        "@firebase/messaging": "0.12.22",
        "@firebase/messaging-compat": "0.2.22",
        "@firebase/performance": "0.7.7",
        "@firebase/performance-compat": "0.2.20",
        "@firebase/remote-config": "0.6.5",
        "@firebase/remote-config-compat": "0.2.18",
        "@firebase/storage": "0.13.14",
        "@firebase/storage-compat": "0.3.24",
        "@firebase/util": "1.12.1"
      },
      "devDependencies": {
        "@rollup/plugin-commonjs": "21.1.0",
        "@rollup/plugin-node-resolve": "16.0.0",
        "@rollup/plugin-terser": "0.4.4",
        "gulp": "4.0.2",
        "gulp-replace": "1.1.4",
        "gulp-sourcemaps": "3.0.0",
        "rollup": "2.79.2",
        "rollup-plugin-license": "3.5.3",
        "rollup-plugin-sourcemaps": "0.6.3",
        "rollup-plugin-typescript2": "0.36.0",
        "rollup-plugin-uglify": "6.0.4",
        "typescript": "5.5.4"
      }
    },
    "node_modules/@repo/dataconnect-sdk": {
      "resolved": "",
      "link": true
    },
    "node_modules/@tanstack-query-firebase/react": {
      "resolved": "../../node_modules/.pnpm/@tanstack-query-firebase+react@2.1.1_@tanstack+react-query@5.90.19_firebase@11.10.0/node_modules/@tanstack-query-firebase/react",
      "link": true
    },
    "node_modules/firebase": {
      "resolved": "../../node_modules/.pnpm/firebase@11.10.0/node_modules/firebase",
      "link": true
    }
  }
}
